Microsoft Visual Studio Solution File, Format Version 12.00
# Visual Studio Version 16
VisualStudioVersion = 16.0.29519.181
MinimumVisualStudioVersion = 10.0.40219.1
Project("{F184B08F-C81C-45F6-A57F-5ABD9991F28F}") = "ATIDAQDotnetDemo", "ATIDAQDotnetDemo\ATIDAQDotnetDemo.vbproj", "{2F0EFB4D-D76F-4342-8AC3-15FEBC6E1546}"
EndProject
Project("{54435603-DBB4-11D2-8724-00A0C9A8B90C}") = "ATIDAQFT.NET", "ATIDAQFT.NET\ATIDAQFT.NET.vdproj", "{B4A846DD-2500-4374-8C08-ADA6B2591739}"
EndProject
Project("{8BC9CEB8-8B4A-11D0-8D11-00A0C91BC942}") = "ATICombinedDAQFT", "ATICombinedDAQFT\ATICombinedDAQFT.vcxproj", "{E685AAA2-877B-457C-B33D-65B9FCC62369}"
EndProject
Global
	GlobalSection(SolutionConfigurationPlatforms) = preSolution
		Debug|Any CPU = Debug|Any CPU
		Debug|Mixed Platforms = Debug|Mixed Platforms
		Debug|Win32 = Debug|Win32
		Release|Any CPU = Release|Any CPU
		Release|Mixed Platforms = Release|Mixed Platforms
		Release|Win32 = Release|Win32
	EndGlobalSection
	GlobalSection(ProjectConfigurationPlatforms) = postSolution
		{2F0EFB4D-D76F-4342-8AC3-15FEBC6E1546}.Debug|Any CPU.ActiveCfg = Debug|Any CPU
		{2F0EFB4D-D76F-4342-8AC3-15FEBC6E1546}.Debug|Any CPU.Build.0 = Debug|Any CPU
		{2F0EFB4D-D76F-4342-8AC3-15FEBC6E1546}.Debug|Mixed Platforms.ActiveCfg = Debug|x86
		{2F0EFB4D-D76F-4342-8AC3-15FEBC6E1546}.Debug|Mixed Platforms.Build.0 = Debug|x86
		{2F0EFB4D-D76F-4342-8AC3-15FEBC6E1546}.Debug|Win32.ActiveCfg = Debug|x86
		{2F0EFB4D-D76F-4342-8AC3-15FEBC6E1546}.Debug|Win32.Build.0 = Debug|x86
		{2F0EFB4D-D76F-4342-8AC3-15FEBC6E1546}.Release|Any CPU.ActiveCfg = Release|Any CPU
		{2F0EFB4D-D76F-4342-8AC3-15FEBC6E1546}.Release|Any CPU.Build.0 = Release|Any CPU
		{2F0EFB4D-D76F-4342-8AC3-15FEBC6E1546}.Release|Mixed Platforms.ActiveCfg = Release|x86
		{2F0EFB4D-D76F-4342-8AC3-15FEBC6E1546}.Release|Mixed Platforms.Build.0 = Release|x86
		{2F0EFB4D-D76F-4342-8AC3-15FEBC6E1546}.Release|Win32.ActiveCfg = Release|x86
		{2F0EFB4D-D76F-4342-8AC3-15FEBC6E1546}.Release|Win32.Build.0 = Release|x86
		{B4A846DD-2500-4374-8C08-ADA6B2591739}.Debug|Any CPU.ActiveCfg = Debug
		{B4A846DD-2500-4374-8C08-ADA6B2591739}.Debug|Any CPU.Build.0 = Debug
		{B4A846DD-2500-4374-8C08-ADA6B2591739}.Debug|Mixed Platforms.ActiveCfg = Debug
		{B4A846DD-2500-4374-8C08-ADA6B2591739}.Debug|Win32.ActiveCfg = Debug
		{B4A846DD-2500-4374-8C08-ADA6B2591739}.Release|Any CPU.ActiveCfg = Release
		{B4A846DD-2500-4374-8C08-ADA6B2591739}.Release|Any CPU.Build.0 = Release
		{B4A846DD-2500-4374-8C08-ADA6B2591739}.Release|Mixed Platforms.ActiveCfg = Release
		{B4A846DD-2500-4374-8C08-ADA6B2591739}.Release|Mixed Platforms.Build.0 = Release
		{B4A846DD-2500-4374-8C08-ADA6B2591739}.Release|Win32.ActiveCfg = Release
		{B4A846DD-2500-4374-8C08-ADA6B2591739}.Release|Win32.Build.0 = Release
		{E685AAA2-877B-457C-B33D-65B9FCC62369}.Debug|Any CPU.ActiveCfg = Debug|Win32
		{E685AAA2-877B-457C-B33D-65B9FCC62369}.Debug|Mixed Platforms.ActiveCfg = Debug|Win32
		{E685AAA2-877B-457C-B33D-65B9FCC62369}.Debug|Mixed Platforms.Build.0 = Debug|Win32
		{E685AAA2-877B-457C-B33D-65B9FCC62369}.Debug|Win32.ActiveCfg = Debug|Win32
		{E685AAA2-877B-457C-B33D-65B9FCC62369}.Debug|Win32.Build.0 = Debug|Win32
		{E685AAA2-877B-457C-B33D-65B9FCC62369}.Release|Any CPU.ActiveCfg = Release|Win32
		{E685AAA2-877B-457C-B33D-65B9FCC62369}.Release|Mixed Platforms.ActiveCfg = Release|Win32
		{E685AAA2-877B-457C-B33D-65B9FCC62369}.Release|Mixed Platforms.Build.0 = Release|Win32
		{E685AAA2-877B-457C-B33D-65B9FCC62369}.Release|Win32.ActiveCfg = Release|Win32
		{E685AAA2-877B-457C-B33D-65B9FCC62369}.Release|Win32.Build.0 = Release|Win32
	EndGlobalSection
	GlobalSection(SolutionProperties) = preSolution
		HideSolutionNode = FALSE
	EndGlobalSection
	GlobalSection(ExtensibilityGlobals) = postSolution
		SolutionGuid = {04BCBF1B-AC1B-4160-AF29-C282F414985B}
	EndGlobalSection
EndGlobal
